// !$*UTF8*$!
{
	archiveVersion = 1;
	classes = {
	};
	objectVersion = 46;
	objects = {

/* Begin PBXBuildFile section */
		5BFF34ADE5E92A3FC2D2D78E /* libPods-JZGoodScrollView.a in Frameworks */ = {isa = PBXBuildFile; fileRef = ADF4EE15457B0D4734FD5A97 /* libPods-JZGoodScrollView.a */; };
		D68B681B1E2378AB000E244F /* main.m in Sources */ = {isa = PBXBuildFile; fileRef = D68B681A1E2378AB000E244F /* main.m */; };
		D68B681E1E2378AB000E244F /* AppDelegate.m in Sources */ = {isa = PBXBuildFile; fileRef = D68B681D1E2378AB000E244F /* AppDelegate.m */; };
		D68B68211E2378AB000E244F /* ViewController.m in Sources */ = {isa = PBXBuildFile; fileRef = D68B68201E2378AB000E244F /* ViewController.m */; };
		D68B68241E2378AB000E244F /* Main.storyboard in Resources */ = {isa = PBXBuildFile; fileRef = D68B68221E2378AB000E244F /* Main.storyboard */; };
		D68B68261E2378AB000E244F /* Assets.xcassets in Resources */ = {isa = PBXBuildFile; fileRef = D68B68251E2378AB000E244F /* Assets.xcassets */; };
		D68B68291E2378AB000E244F /* LaunchScreen.storyboard in Resources */ = {isa = PBXBuildFile; fileRef = D68B68271E2378AB000E244F /* LaunchScreen.storyboard */; };
		D68B68361E238995000E244F /* 01jz.jpg in Resources */ = {isa = PBXBuildFile; fileRef = D68B68321E238995000E244F /* 01jz.jpg */; };
		D68B68371E238995000E244F /* 02jz.jpg in Resources */ = {isa = PBXBuildFile; fileRef = D68B68331E238995000E244F /* 02jz.jpg */; };
		D68B68381E238995000E244F /* 03jz.jpg in Resources */ = {isa = PBXBuildFile; fileRef = D68B68341E238995000E244F /* 03jz.jpg */; };
		D68B68391E238995000E244F /* 04jz.jpg in Resources */ = {isa = PBXBuildFile; fileRef = D68B68351E238995000E244F /* 04jz.jpg */; };
		D68B683C1E238DBF000E244F /* JZGoodScrollView.m in Sources */ = {isa = PBXBuildFile; fileRef = D68B683B1E238DBF000E244F /* JZGoodScrollView.m */; };
		D68B683F1E246E56000E244F /* JZGoodScrollViewLayout.m in Sources */ = {isa = PBXBuildFile; fileRef = D68B683E1E246E56000E244F /* JZGoodScrollViewLayout.m */; };
		D68B68421E2471C3000E244F /* JZGoodScrollViewCell.m in Sources */ = {isa = PBXBuildFile; fileRef = D68B68411E2471C3000E244F /* JZGoodScrollViewCell.m */; };
		D68B68931E24BCA3000E244F /* seefarmseatpic.png in Resources */ = {isa = PBXBuildFile; fileRef = D68B68921E24BCA3000E244F /* seefarmseatpic.png */; };
/* End PBXBuildFile section */

/* Begin PBXFileReference section */
		66043C8CDE5C406616E357EB /* Pods-JZGoodScrollView.release.xcconfig */ = {isa = PBXFileReference; includeInIndex = 1; lastKnownFileType = text.xcconfig; name = "Pods-JZGoodScrollView.release.xcconfig"; path = "Pods/Target Support Files/Pods-JZGoodScrollView/Pods-JZGoodScrollView.release.xcconfig"; sourceTree = "<group>"; };
		ADF4EE15457B0D4734FD5A97 /* libPods-JZGoodScrollView.a */ = {isa = PBXFileReference; explicitFileType = archive.ar; includeInIndex = 0; path = "libPods-JZGoodScrollView.a"; sourceTree = BUILT_PRODUCTS_DIR; };
		D68B68161E2378AB000E244F /* JZGoodScrollView.app */ = {isa = PBXFileReference; explicitFileType = wrapper.application; includeInIndex = 0; path = JZGoodScrollView.app; sourceTree = BUILT_PRODUCTS_DIR; };
		D68B681A1E2378AB000E244F /* main.m */ = {isa = PBXFileReference; lastKnownFileType = sourcecode.c.objc; path = main.m; sourceTree = "<group>"; };
		D68B681C1E2378AB000E244F /* AppDelegate.h */ = {isa = PBXFileReference; lastKnownFileType = sourcecode.c.h; path = AppDelegate.h; sourceTree = "<group>"; };
		D68B681D1E2378AB000E244F /* AppDelegate.m */ = {isa = PBXFileReference; lastKnownFileType = sourcecode.c.objc; path = AppDelegate.m; sourceTree = "<group>"; };
		D68B681F1E2378AB000E244F /* ViewController.h */ = {isa = PBXFileReference; lastKnownFileType = sourcecode.c.h; path = ViewController.h; sourceTree = "<group>"; };
		D68B68201E2378AB000E244F /* ViewController.m */ = {isa = PBXFileReference; lastKnownFileType = sourcecode.c.objc; path = ViewController.m; sourceTree = "<group>"; };
		D68B68231E2378AB000E244F /* Base */ = {isa = PBXFileReference; lastKnownFileType = file.storyboard; name = Base; path = Base.lproj/Main.storyboard; sourceTree = "<group>"; };
		D68B68251E2378AB000E244F /* Assets.xcassets */ = {isa = PBXFileReference; lastKnownFileType = folder.assetcatalog; path = Assets.xcassets; sourceTree = "<group>"; };
		D68B68281E2378AB000E244F /* Base */ = {isa = PBXFileReference; lastKnownFileType = file.storyboard; name = Base; path = Base.lproj/LaunchScreen.storyboard; sourceTree = "<group>"; };
		D68B682A1E2378AB000E244F /* Info.plist */ = {isa = PBXFileReference; lastKnownFileType = text.plist.xml; path = Info.plist; sourceTree = "<group>"; };
		D68B68321E238995000E244F /* 01jz.jpg */ = {isa = PBXFileReference; lastKnownFileType = image.jpeg; path = 01jz.jpg; sourceTree = "<group>"; };
		D68B68331E238995000E244F /* 02jz.jpg */ = {isa = PBXFileReference; lastKnownFileType = image.jpeg; path = 02jz.jpg; sourceTree = "<group>"; };
		D68B68341E238995000E244F /* 03jz.jpg */ = {isa = PBXFileReference; lastKnownFileType = image.jpeg; path = 03jz.jpg; sourceTree = "<group>"; };
		D68B68351E238995000E244F /* 04jz.jpg */ = {isa = PBXFileReference; lastKnownFileType = image.jpeg; path = 04jz.jpg; sourceTree = "<group>"; };
		D68B683A1E238DBF000E244F /* JZGoodScrollView.h */ = {isa = PBXFileReference; fileEncoding = 4; lastKnownFileType = sourcecode.c.h; path = JZGoodScrollView.h; sourceTree = "<group>"; };
		D68B683B1E238DBF000E244F /* JZGoodScrollView.m */ = {isa = PBXFileReference; fileEncoding = 4; lastKnownFileType = sourcecode.c.objc; path = JZGoodScrollView.m; sourceTree = "<group>"; };
		D68B683D1E246E56000E244F /* JZGoodScrollViewLayout.h */ = {isa = PBXFileReference; fileEncoding = 4; lastKnownFileType = sourcecode.c.h; path = JZGoodScrollViewLayout.h; sourceTree = "<group>"; };
		D68B683E1E246E56000E244F /* JZGoodScrollViewLayout.m */ = {isa = PBXFileReference; fileEncoding = 4; lastKnownFileType = sourcecode.c.objc; path = JZGoodScrollViewLayout.m; sourceTree = "<group>"; };
		D68B68401E2471C3000E244F /* JZGoodScrollViewCell.h */ = {isa = PBXFileReference; fileEncoding = 4; lastKnownFileType = sourcecode.c.h; path = JZGoodScrollViewCell.h; sourceTree = "<group>"; };
		D68B68411E2471C3000E244F /* JZGoodScrollViewCell.m */ = {isa = PBXFileReference; fileEncoding = 4; lastKnownFileType = sourcecode.c.objc; path = JZGoodScrollViewCell.m; sourceTree = "<group>"; };
		D68B68921E24BCA3000E244F /* seefarmseatpic.png */ = {isa = PBXFileReference; lastKnownFileType = image.png; path = seefarmseatpic.png; sourceTree = "<group>"; };
		E21CB634FFE57051C0FEA0AA /* Pods-JZGoodScrollView.debug.xcconfig */ = {isa = PBXFileReference; includeInIndex = 1; lastKnownFileType = text.xcconfig; name = "Pods-JZGoodScrollView.debug.xcconfig"; path = "Pods/Target Support Files/Pods-JZGoodScrollView/Pods-JZGoodScrollView.debug.xcconfig"; sourceTree = "<group>"; };
/* End PBXFileReference section */

/* Begin PBXFrameworksBuildPhase section */
		D68B68131E2378AB000E244F /* Frameworks */ = {
			isa = PBXFrameworksBuildPhase;
			buildActionMask = 2147483647;
			files = (
				5BFF34ADE5E92A3FC2D2D78E /* libPods-JZGoodScrollView.a in Frameworks */,
			);
			runOnlyForDeploymentPostprocessing = 0;
		};
/* End PBXFrameworksBuildPhase section */

/* Begin PBXGroup section */
		01333F3441296063BBD0B955 /* Pods */ = {
			isa = PBXGroup;
			children = (
				E21CB634FFE57051C0FEA0AA /* Pods-JZGoodScrollView.debug.xcconfig */,
				66043C8CDE5C406616E357EB /* Pods-JZGoodScrollView.release.xcconfig */,
			);
			name = Pods;
			sourceTree = "<group>";
		};
		D68B680D1E2378AB000E244F = {
			isa = PBXGroup;
			children = (
				D68B68181E2378AB000E244F /* JZGoodScrollView */,
				D68B68171E2378AB000E244F /* Products */,
				01333F3441296063BBD0B955 /* Pods */,
				ED6B1DAAEA6865217446E58C /* Frameworks */,
			);
			sourceTree = "<group>";
		};
		D68B68171E2378AB000E244F /* Products */ = {
			isa = PBXGroup;
			children = (
				D68B68161E2378AB000E244F /* JZGoodScrollView.app */,
			);
			name = Products;
			sourceTree = "<group>";
		};
		D68B68181E2378AB000E244F /* JZGoodScrollView */ = {
			isa = PBXGroup;
			children = (
				D68B68311E238995000E244F /* Images */,
				D68B68301E2378CC000E244F /* JZGoodScrollView */,
				D68B681C1E2378AB000E244F /* AppDelegate.h */,
				D68B681D1E2378AB000E244F /* AppDelegate.m */,
				D68B681F1E2378AB000E244F /* ViewController.h */,
				D68B68201E2378AB000E244F /* ViewController.m */,
				D68B68221E2378AB000E244F /* Main.storyboard */,
				D68B68251E2378AB000E244F /* Assets.xcassets */,
				D68B68271E2378AB000E244F /* LaunchScreen.storyboard */,
				D68B682A1E2378AB000E244F /* Info.plist */,
				D68B68191E2378AB000E244F /* Supporting Files */,
			);
			path = JZGoodScrollView;
			sourceTree = "<group>";
		};
		D68B68191E2378AB000E244F /* Supporting Files */ = {
			isa = PBXGroup;
			children = (
				D68B681A1E2378AB000E244F /* main.m */,
			);
			name = "Supporting Files";
			sourceTree = "<group>";
		};
		D68B68301E2378CC000E244F /* JZGoodScrollView */ = {
			isa = PBXGroup;
			children = (
				D68B683A1E238DBF000E244F /* JZGoodScrollView.h */,
				D68B683B1E238DBF000E244F /* JZGoodScrollView.m */,
				D68B683D1E246E56000E244F /* JZGoodScrollViewLayout.h */,
				D68B683E1E246E56000E244F /* JZGoodScrollViewLayout.m */,
				D68B68401E2471C3000E244F /* JZGoodScrollViewCell.h */,
				D68B68411E2471C3000E244F /* JZGoodScrollViewCell.m */,
			);
			path = JZGoodScrollView;
			sourceTree = "<group>";
		};
		D68B68311E238995000E244F /* Images */ = {
			isa = PBXGroup;
			children = (
				D68B68921E24BCA3000E244F /* seefarmseatpic.png */,
				D68B68321E238995000E244F /* 01jz.jpg */,
				D68B68331E238995000E244F /* 02jz.jpg */,
				D68B68341E238995000E244F /* 03jz.jpg */,
				D68B68351E238995000E244F /* 04jz.jpg */,
			);
			path = Images;
			sourceTree = "<group>";
		};
		ED6B1DAAEA6865217446E58C /* Frameworks */ = {
			isa = PBXGroup;
			children = (
				ADF4EE15457B0D4734FD5A97 /* libPods-JZGoodScrollView.a */,
			);
			name = Frameworks;
			sourceTree = "<group>";
		};
/* End PBXGroup section */

/* Begin PBXNativeTarget section */
		D68B68151E2378AB000E244F /* JZGoodScrollView */ = {
			isa = PBXNativeTarget;
			buildConfigurationList = D68B682D1E2378AB000E244F /* Build configuration list for PBXNativeTarget "JZGoodScrollView" */;
			buildPhases = (
				729AC00F60173FE74EB8181A /* [CP] Check Pods Manifest.lock */,
				D68B68121E2378AB000E244F /* Sources */,
				D68B68131E2378AB000E244F /* Frameworks */,
				D68B68141E2378AB000E244F /* Resources */,
				6739CC8E00D8AA15E5184C1E /* [CP] Embed Pods Frameworks */,
				56186B2F63C424FFCF0112AF /* [CP] Copy Pods Resources */,
			);
			buildRules = (
			);
			dependencies = (
			);
			name = JZGoodScrollView;
			productName = JZGoodScrollView;
			productReference = D68B68161E2378AB000E244F /* JZGoodScrollView.app */;
			productType = "com.apple.product-type.application";
		};
/* End PBXNativeTarget section */

/* Begin PBXProject section */
		D68B680E1E2378AB000E244F /* Project object */ = {
			isa = PBXProject;
			attributes = {
				LastUpgradeCheck = 0800;
				ORGANIZATIONNAME = wanhongios;
				TargetAttributes = {
					D68B68151E2378AB000E244F = {
						CreatedOnToolsVersion = 8.0;
						DevelopmentTeam = SVHP59BWC7;
						ProvisioningStyle = Automatic;
					};
				};
			};
			buildConfigurationList = D68B68111E2378AB000E244F /* Build configuration list for PBXProject "JZGoodScrollView" */;
			compatibilityVersion = "Xcode 3.2";
			developmentRegion = English;
			hasScannedForEncodings = 0;
			knownRegions = (
				en,
				Base,
			);
			mainGroup = D68B680D1E2378AB000E244F;
			productRefGroup = D68B68171E2378AB000E244F /* Products */;
			projectDirPath = "";
			projectRoot = "";
			targets = (
				D68B68151E2378AB000E244F /* JZGoodScrollView */,
			);
		};
/* End PBXProject section */

/* Begin PBXResourcesBuildPhase section */
		D68B68141E2378AB000E244F /* Resources */ = {
			isa = PBXResourcesBuildPhase;
			buildActionMask = 2147483647;
			files = (
				D68B68361E238995000E244F /* 01jz.jpg in Resources */,
				D68B68931E24BCA3000E244F /* seefarmseatpic.png in Resources */,
				D68B68391E238995000E244F /* 04jz.jpg in Resources */,
				D68B68291E2378AB000E244F /* LaunchScreen.storyboard in Resources */,
				D68B68381E238995000E244F /* 03jz.jpg in Resources */,
				D68B68371E238995000E244F /* 02jz.jpg in Resources */,
				D68B68261E2378AB000E244F /* Assets.xcassets in Resources */,
				D68B68241E2378AB000E244F /* Main.storyboard in Resources */,
			);
			runOnlyForDeploymentPostprocessing = 0;
		};
/* End PBXResourcesBuildPhase section */

/* Begin PBXShellScriptBuildPhase section */
		56186B2F63C424FFCF0112AF /* [CP] Copy Pods Resources */ = {
			isa = PBXShellScriptBuildPhase;
			buildActionMask = 2147483647;
			files = (
			);
			inputPaths = (
			);
			name = "[CP] Copy Pods Resources";
			outputPaths = (
			);
			runOnlyForDeploymentPostprocessing = 0;
			shellPath = /bin/sh;
			shellScript = "\"${SRCROOT}/Pods/Target Support Files/Pods-JZGoodScrollView/Pods-JZGoodScrollView-resources.sh\"\n";
			showEnvVarsInLog = 0;
		};
		6739CC8E00D8AA15E5184C1E /* [CP] Embed Pods Frameworks */ = {
			isa = PBXShellScriptBuildPhase;
			buildActionMask = 2147483647;
			files = (
			);
			inputPaths = (
			);
			name = "[CP] Embed Pods Frameworks";
			outputPaths = (
			);
			runOnlyForDeploymentPostprocessing = 0;
			shellPath = /bin/sh;
			shellScript = "\"${SRCROOT}/Pods/Target Support Files/Pods-JZGoodScrollView/Pods-JZGoodScrollView-frameworks.sh\"\n";
			showEnvVarsInLog = 0;
		};
		729AC00F60173FE74EB8181A /* [CP] Check Pods Manifest.lock */ = {
			isa = PBXShellScriptBuildPhase;
			buildActionMask = 2147483647;
			files = (
			);
			inputPaths = (
			);
			name = "[CP] Check Pods Manifest.lock";
			outputPaths = (
			);
			runOnlyForDeploymentPostprocessing = 0;
			shellPath = /bin/sh;
			shellScript = "diff \"${PODS_ROOT}/../Podfile.lock\" \"${PODS_ROOT}/Manifest.lock\" > /dev/null\nif [[ $? != 0 ]] ; then\n    cat << EOM\nerror: The sandbox is not in sync with the Podfile.lock. Run 'pod install' or update your CocoaPods installation.\nEOM\n    exit 1\nfi\n";
			showEnvVarsInLog = 0;
		};
/* End PBXShellScriptBuildPhase section */

/* Begin PBXSourcesBuildPhase section */
		D68B68121E2378AB000E244F /* Sources */ = {
			isa = PBXSourcesBuildPhase;
			buildActionMask = 2147483647;
			files = (
				D68B68421E2471C3000E244F /* JZGoodScrollViewCell.m in Sources */,
				D68B683C1E238DBF000E244F /* JZGoodScrollView.m in Sources */,
				D68B68211E2378AB000E244F /* ViewController.m in Sources */,
				D68B681E1E2378AB000E244F /* AppDelegate.m in Sources */,
				D68B683F1E246E56000E244F /* JZGoodScrollViewLayout.m in Sources */,
				D68B681B1E2378AB000E244F /* main.m in Sources */,
			);
			runOnlyForDeploymentPostprocessing = 0;
		};
/* End PBXSourcesBuildPhase section */

/* Begin PBXVariantGroup section */
		D68B68221E2378AB000E244F /* Main.storyboard */ = {
			isa = PBXVariantGroup;
			children = (
				D68B68231E2378AB000E244F /* Base */,
			);
			name = Main.storyboard;
			sourceTree = "<group>";
		};
		D68B68271E2378AB000E244F /* LaunchScreen.storyboard */ = {
			isa = PBXVariantGroup;
			children = (
				D68B68281E2378AB000E244F /* Base */,
			);
			name = LaunchScreen.storyboard;
			sourceTree = "<group>";
		};
/* End PBXVariantGroup section */

/* Begin XCBuildConfiguration section */
		D68B682B1E2378AB000E244F /* Debug */ = {
			isa = XCBuildConfiguration;
			buildSettings = {
				ALWAYS_SEARCH_USER_PATHS = NO;
				CLANG_ANALYZER_NONNULL = YES;
				CLANG_CXX_LANGUAGE_STANDARD = "gnu++0x";
				CLANG_CXX_LIBRARY = "libc++";
				CLANG_ENABLE_MODULES = YES;
				CLANG_ENABLE_OBJC_ARC = YES;
				CLANG_WARN_BOOL_CONVERSION = YES;
				CLANG_WARN_CONSTANT_CONVERSION = YES;
				CLANG_WARN_DIRECT_OBJC_ISA_USAGE = YES_ERROR;
				CLANG_WARN_DOCUMENTATION_COMMENTS = YES;
				CLANG_WARN_EMPTY_BODY = YES;
				CLANG_WARN_ENUM_CONVERSION = YES;
				CLANG_WARN_INFINITE_RECURSION = YES;
				CLANG_WARN_INT_CONVERSION = YES;
				CLANG_WARN_OBJC_ROOT_CLASS = YES_ERROR;
				CLANG_WARN_SUSPICIOUS_MOVES = YES;
				CLANG_WARN_UNREACHABLE_CODE = YES;
				CLANG_WARN__DUPLICATE_METHOD_MATCH = YES;
				"CODE_SIGN_IDENTITY[sdk=iphoneos*]" = "iPhone Developer";
				COPY_PHASE_STRIP = NO;
				DEBUG_INFORMATION_FORMAT = dwarf;
				ENABLE_STRICT_OBJC_MSGSEND = YES;
				ENABLE_TESTABILITY = YES;
				GCC_C_LANGUAGE_STANDARD = gnu99;
				GCC_DYNAMIC_NO_PIC = NO;
				GCC_NO_COMMON_BLOCKS = YES;
				GCC_OPTIMIZATION_LEVEL = 0;
				GCC_PREPROCESSOR_DEFINITIONS = (
					"DEBUG=1",
					"$(inherited)",
				);
				GCC_WARN_64_TO_32_BIT_CONVERSION = YES;
				GCC_WARN_ABOUT_RETURN_TYPE = YES_ERROR;
				GCC_WARN_UNDECLARED_SELECTOR = YES;
				GCC_WARN_UNINITIALIZED_AUTOS = YES_AGGRESSIVE;
				GCC_WARN_UNUSED_FUNCTION = YES;
				GCC_WARN_UNUSED_VARIABLE = YES;
				IPHONEOS_DEPLOYMENT_TARGET = 10.0;
				MTL_ENABLE_DEBUG_INFO = YES;
				ONLY_ACTIVE_ARCH = YES;
				SDKROOT = iphoneos;
			};
			name = Debug;
		};
		D68B682C1E2378AB000E244F /* Release */ = {
			isa = XCBuildConfiguration;
			buildSettings = {
				ALWAYS_SEARCH_USER_PATHS = NO;
				CLANG_ANALYZER_NONNULL = YES;
				CLANG_CXX_LANGUAGE_STANDARD = "gnu++0x";
				CLANG_CXX_LIBRARY = "libc++";
				CLANG_ENABLE_MODULES = YES;
				CLANG_ENABLE_OBJC_ARC = YES;
				CLANG_WARN_BOOL_CONVERSION = YES;
				CLANG_WARN_CONSTANT_CONVERSION = YES;
				CLANG_WARN_DIRECT_OBJC_ISA_USAGE = YES_ERROR;
				CLANG_WARN_DOCUMENTATION_COMMENTS = YES;
				CLANG_WARN_EMPTY_BODY = YES;
				CLANG_WARN_ENUM_CONVERSION = YES;
				CLANG_WARN_INFINITE_RECURSION = YES;
				CLANG_WARN_INT_CONVERSION = YES;
				CLANG_WARN_OBJC_ROOT_CLASS = YES_ERROR;
				CLANG_WARN_SUSPICIOUS_MOVES = YES;
				CLANG_WARN_UNREACHABLE_CODE = YES;
				CLANG_WARN__DUPLICATE_METHOD_MATCH = YES;
				"CODE_SIGN_IDENTITY[sdk=iphoneos*]" = "iPhone Developer";
				COPY_PHASE_STRIP = NO;
				DEBUG_INFORMATION_FORMAT = "dwarf-with-dsym";
				ENABLE_NS_ASSERTIONS = NO;
				ENABLE_STRICT_OBJC_MSGSEND = YES;
				GCC_C_LANGUAGE_STANDARD = gnu99;
				GCC_NO_COMMON_BLOCKS = YES;
				GCC_WARN_64_TO_32_BIT_CONVERSION = YES;
				GCC_WARN_ABOUT_RETURN_TYPE = YES_ERROR;
				GCC_WARN_UNDECLARED_SELECTOR = YES;
				GCC_WARN_UNINITIALIZED_AUTOS = YES_AGGRESSIVE;
				GCC_WARN_UNUSED_FUNCTION = YES;
				GCC_WARN_UNUSED_VARIABLE = YES;
				IPHONEOS_DEPLOYMENT_TARGET = 10.0;
				MTL_ENABLE_DEBUG_INFO = NO;
				SDKROOT = iphoneos;
				VALIDATE_PRODUCT = YES;
			};
			name = Release;
		};
		D68B682E1E2378AB000E244F /* Debug */ = {
			isa = XCBuildConfiguration;
			baseConfigurationReference = E21CB634FFE57051C0FEA0AA /* Pods-JZGoodScrollView.debug.xcconfig */;
			buildSettings = {
				ASSETCATALOG_COMPILER_APPICON_NAME = AppIcon;
				DEVELOPMENT_TEAM = SVHP59BWC7;
				INFOPLIST_FILE = JZGoodScrollView/Info.plist;
				LD_RUNPATH_SEARCH_PATHS = "$(inherited) @executable_path/Frameworks";
				PRODUCT_BUNDLE_IDENTIFIER = com.wanhong.JZGoodScrollView;
				PRODUCT_NAME = "$(TARGET_NAME)";
			};
			name = Debug;
		};
		D68B682F1E2378AB000E244F /* Release */ = {
			isa = XCBuildConfiguration;
			baseConfigurationReference = 66043C8CDE5C406616E357EB /* Pods-JZGoodScrollView.release.xcconfig */;
			buildSettings = {
				ASSETCATALOG_COMPILER_APPICON_NAME = AppIcon;
				DEVELOPMENT_TEAM = SVHP59BWC7;
				INFOPLIST_FILE = JZGoodScrollView/Info.plist;
				LD_RUNPATH_SEARCH_PATHS = "$(inherited) @executable_path/Frameworks";
				PRODUCT_BUNDLE_IDENTIFIER = com.wanhong.JZGoodScrollView;
				PRODUCT_NAME = "$(TARGET_NAME)";
			};
			name = Release;
		};
/* End XCBuildConfiguration section */

/* Begin XCConfigurationList section */
		D68B68111E2378AB000E244F /* Build configuration list for PBXProject "JZGoodScrollView" */ = {
			isa = XCConfigurationList;
			buildConfigurations = (
				D68B682B1E2378AB000E244F /* Debug */,
				D68B682C1E2378AB000E244F /* Release */,
			);
			defaultConfigurationIsVisible = 0;
			defaultConfigurationName = Release;
		};
		D68B682D1E2378AB000E244F /* Build configuration list for PBXNativeTarget "JZGoodScrollView" */ = {
			isa = XCConfigurationList;
			buildConfigurations = (
				D68B682E1E2378AB000E244F /* Debug */,
				D68B682F1E2378AB000E244F /* Release */,
			);
			defaultConfigurationIsVisible = 0;
			defaultConfigurationName = Release;
		};
/* End XCConfigurationList section */
	};
	rootObject = D68B680E1E2378AB000E244F /* Project object */;
}
